{
  "name": "miniprogram",
  "version": "1.0.0",
  "lockfileVersion": 2,
  "requires": true,
  "packages": {
    "": {
      "name": "miniprogram",
      "version": "1.0.0",
      "license": "ISC",
      "dependencies": {
        "@lucky-canvas/mini": "^0.0.7",
        "@vant/weapp": "^1.10.14"
      }
    },
    "node_modules/@lucky-canvas/mini": {
      "version": "0.0.7",
      "resolved": "https://registry.npmjs.org/@lucky-canvas/mini/-/mini-0.0.7.tgz",
      "integrity": "sha512-xJ7vXIzxeyZrL9CmTkMMtFEqRYFpeYlMgEPZ3EkoUOi121D/pXraZx/pVqlEOVhKOfJIhGJGJTswWycyfzKbpQ==",
      "dependencies": {
        "lucky-canvas": "~1.7.24"
      }
    },
    "node_modules/@vant/weapp": {
      "version": "1.10.14",
      "resolved": "https://registry.npmjs.org/@vant/weapp/-/weapp-1.10.14.tgz",
      "integrity": "sha512-5usuhoN1kiOV6pzrdVzHrAux6DupKlGd9w+yYc992Zy1n1wHLZMb1dGM3+xtbNE3tpWE2qv95vIFSMpJRFyE7Q=="
    },
    "node_modules/lucky-canvas": {
      "version": "1.7.27",
      "resolved": "https://registry.npmjs.org/lucky-canvas/-/lucky-canvas-1.7.27.tgz",
      "integrity": "sha512-Ftz6qD+863bI7xijBmZg3dw3cNEc7odPr70EZQcGA14y3TgTAzH65HPosOCd6kKUlMwhntBaHMx3onoj9MtJRQ=="
    }
  },
  "dependencies": {
    "@lucky-canvas/mini": {
      "version": "0.0.7",
      "resolved": "https://registry.npmjs.org/@lucky-canvas/mini/-/mini-0.0.7.tgz",
      "integrity": "sha512-xJ7vXIzxeyZrL9CmTkMMtFEqRYFpeYlMgEPZ3EkoUOi121D/pXraZx/pVqlEOVhKOfJIhGJGJTswWycyfzKbpQ==",
      "requires": {
        "lucky-canvas": "~1.7.24"
      }
    },
    "@vant/weapp": {
      "version": "1.10.14",
      "resolved": "https://registry.npmjs.org/@vant/weapp/-/weapp-1.10.14.tgz",
      "integrity": "sha512-5usuhoN1kiOV6pzrdVzHrAux6DupKlGd9w+yYc992Zy1n1wHLZMb1dGM3+xtbNE3tpWE2qv95vIFSMpJRFyE7Q=="
    },
    "lucky-canvas": {
      "version": "1.7.27",
      "resolved": "https://registry.npmjs.org/lucky-canvas/-/lucky-canvas-1.7.27.tgz",
      "integrity": "sha512-Ftz6qD+863bI7xijBmZg3dw3cNEc7odPr70EZQcGA14y3TgTAzH65HPosOCd6kKUlMwhntBaHMx3onoj9MtJRQ=="
    }
  }
}
